// !$*UTF8*$!
{
	archiveVersion = 1;
	classes = {
	};
	objectVersion = 50;
	objects = {

/* Begin PBXBuildFile section */
		26416D873E2534E8C317D59D /* Pods_FirstRealm.framework in Frameworks */ = {isa = PBXBuildFile; fileRef = 0B3B53CD374848D1F26DDA28 /* Pods_FirstRealm.framework */; };
		3109947322EFCFDB00D03823 /* AppDelegate.swift in Sources */ = {isa = PBXBuildFile; fileRef = 3109947222EFCFDB00D03823 /* AppDelegate.swift */; };
		3109947522EFCFDB00D03823 /* ViewController.swift in Sources */ = {isa = PBXBuildFile; fileRef = 3109947422EFCFDB00D03823 /* ViewController.swift */; };
		3109947822EFCFDB00D03823 /* Main.storyboard in Resources */ = {isa = PBXBuildFile; fileRef = 3109947622EFCFDB00D03823 /* Main.storyboard */; };
		3109947A22EFCFDD00D03823 /* Assets.xcassets in Resources */ = {isa = PBXBuildFile; fileRef = 3109947922EFCFDD00D03823 /* Assets.xcassets */; };
		3109947D22EFCFDD00D03823 /* LaunchScreen.storyboard in Resources */ = {isa = PBXBuildFile; fileRef = 3109947B22EFCFDD00D03823 /* LaunchScreen.storyboard */; };
/* End PBXBuildFile section */

/* Begin PBXFileReference section */
		0B3B53CD374848D1F26DDA28 /* Pods_FirstRealm.framework */ = {isa = PBXFileReference; explicitFileType = wrapper.framework; includeInIndex = 0; path = Pods_FirstRealm.framework; sourceTree = BUILT_PRODUCTS_DIR; };
		3109946F22EFCFDB00D03823 /* FirstRealm.app */ = {isa = PBXFileReference; explicitFileType = wrapper.application; includeInIndex = 0; path = FirstRealm.app; sourceTree = BUILT_PRODUCTS_DIR; };
		3109947222EFCFDB00D03823 /* AppDelegate.swift */ = {isa = PBXFileReference; lastKnownFileType = sourcecode.swift; path = AppDelegate.swift; sourceTree = "<group>"; };
		3109947422EFCFDB00D03823 /* ViewController.swift */ = {isa = PBXFileReference; lastKnownFileType = sourcecode.swift; path = ViewController.swift; sourceTree = "<group>"; };
		3109947722EFCFDB00D03823 /* Base */ = {isa = PBXFileReference; lastKnownFileType = file.storyboard; name = Base; path = Base.lproj/Main.storyboard; sourceTree = "<group>"; };
		3109947922EFCFDD00D03823 /* Assets.xcassets */ = {isa = PBXFileReference; lastKnownFileType = folder.assetcatalog; path = Assets.xcassets; sourceTree = "<group>"; };
		3109947C22EFCFDD00D03823 /* Base */ = {isa = PBXFileReference; lastKnownFileType = file.storyboard; name = Base; path = Base.lproj/LaunchScreen.storyboard; sourceTree = "<group>"; };
		3109947E22EFCFDD00D03823 /* Info.plist */ = {isa = PBXFileReference; lastKnownFileType = text.plist.xml; path = Info.plist; sourceTree = "<group>"; };
		43BF561AE1631C8E470A3053 /* Pods-FirstRealm.release.xcconfig */ = {isa = PBXFileReference; includeInIndex = 1; lastKnownFileType = text.xcconfig; name = "Pods-FirstRealm.release.xcconfig"; path = "Target Support Files/Pods-FirstRealm/Pods-FirstRealm.release.xcconfig"; sourceTree = "<group>"; };
		44C4D694E790E6D3C922CE22 /* Pods-FirstRealm.debug.xcconfig */ = {isa = PBXFileReference; includeInIndex = 1; lastKnownFileType = text.xcconfig; name = "Pods-FirstRealm.debug.xcconfig"; path = "Target Support Files/Pods-FirstRealm/Pods-FirstRealm.debug.xcconfig"; sourceTree = "<group>"; };
/* End PBXFileReference section */

/* Begin PBXFrameworksBuildPhase section */
		3109946C22EFCFDB00D03823 /* Frameworks */ = {
			isa = PBXFrameworksBuildPhase;
			buildActionMask = 2147483647;
			files = (
				26416D873E2534E8C317D59D /* Pods_FirstRealm.framework in Frameworks */,
			);
			runOnlyForDeploymentPostprocessing = 0;
		};
/* End PBXFrameworksBuildPhase section */

/* Begin PBXGroup section */
		024C1F583F288CAC4B83088A /* Pods */ = {
			isa = PBXGroup;
			children = (
				44C4D694E790E6D3C922CE22 /* Pods-FirstRealm.debug.xcconfig */,
				43BF561AE1631C8E470A3053 /* Pods-FirstRealm.release.xcconfig */,
			);
			name = Pods;
			path = Pods;
			sourceTree = "<group>";
		};
		3109946622EFCFDB00D03823 = {
			isa = PBXGroup;
			children = (
				3109947122EFCFDB00D03823 /* FirstRealm */,
				3109947022EFCFDB00D03823 /* Products */,
				024C1F583F288CAC4B83088A /* Pods */,
				61A6750E0B59E513ED3ECA30 /* Frameworks */,
			);
			sourceTree = "<group>";
		};
		3109947022EFCFDB00D03823 /* Products */ = {
			isa = PBXGroup;
			children = (
				3109946F22EFCFDB00D03823 /* FirstRealm.app */,
			);
			name = Products;
			sourceTree = "<group>";
		};
		3109947122EFCFDB00D03823 /* FirstRealm */ = {
			isa = PBXGroup;
			children = (
				3109947222EFCFDB00D03823 /* AppDelegate.swift */,
				3109947422EFCFDB00D03823 /* ViewController.swift */,
				3109947622EFCFDB00D03823 /* Main.storyboard */,
				3109947922EFCFDD00D03823 /* Assets.xcassets */,
				3109947B22EFCFDD00D03823 /* LaunchScreen.storyboard */,
				3109947E22EFCFDD00D03823 /* Info.plist */,
			);
			path = FirstRealm;
			sourceTree = "<group>";
		};
		61A6750E0B59E513ED3ECA30 /* Frameworks */ = {
			isa = PBXGroup;
			children = (
				0B3B53CD374848D1F26DDA28 /* Pods_FirstRealm.framework */,
			);
			name = Frameworks;
			sourceTree = "<group>";
		};
/* End PBXGroup section */

/* Begin PBXNativeTarget section */
		3109946E22EFCFDB00D03823 /* FirstRealm */ = {
			isa = PBXNativeTarget;
			buildConfigurationList = 3109948122EFCFDD00D03823 /* Build configuration list for PBXNativeTarget "FirstRealm" */;
			buildPhases = (
				CA72614B6D1A950E853D4595 /* [CP] Check Pods Manifest.lock */,
				3109946B22EFCFDB00D03823 /* Sources */,
				3109946C22EFCFDB00D03823 /* Frameworks */,
				3109946D22EFCFDB00D03823 /* Resources */,
				A9FF282C1B9B8B5886F52651 /* [CP] Embed Pods Frameworks */,
			);
			buildRules = (
			);
			dependencies = (
			);
			name = FirstRealm;
			productName = FirstRealm;
			productReference = 3109946F22EFCFDB00D03823 /* FirstRealm.app */;
			productType = "com.apple.product-type.application";
		};
/* End PBXNativeTarget section */

/* Begin PBXProject section */
		3109946722EFCFDB00D03823 /* Project object */ = {
			isa = PBXProject;
			attributes = {
				LastSwiftUpdateCheck = 1020;
				LastUpgradeCheck = 1020;
				ORGANIZATIONNAME = "香川紗穂";
				TargetAttributes = {
					3109946E22EFCFDB00D03823 = {
						CreatedOnToolsVersion = 10.2.1;
					};
				};
			};
			buildConfigurationList = 3109946A22EFCFDB00D03823 /* Build configuration list for PBXProject "FirstRealm" */;
			compatibilityVersion = "Xcode 9.3";
			developmentRegion = en;
			hasScannedForEncodings = 0;
			knownRegions = (
				en,
				Base,
			);
			mainGroup = 3109946622EFCFDB00D03823;
			productRefGroup = 3109947022EFCFDB00D03823 /* Products */;
			projectDirPath = "";
			projectRoot = "";
			targets = (
				3109946E22EFCFDB00D03823 /* FirstRealm */,
			);
		};
/* End PBXProject section */

/* Begin PBXResourcesBuildPhase section */
		3109946D22EFCFDB00D03823 /* Resources */ = {
			isa = PBXResourcesBuildPhase;
			buildActionMask = 2147483647;
			files = (
				3109947D22EFCFDD00D03823 /* LaunchScreen.storyboard in Resources */,
				3109947A22EFCFDD00D03823 /* Assets.xcassets in Resources */,
				3109947822EFCFDB00D03823 /* Main.storyboard in Resources */,
			);
			runOnlyForDeploymentPostprocessing = 0;
		};
/* End PBXResourcesBuildPhase section */

/* Begin PBXShellScriptBuildPhase section */
		A9FF282C1B9B8B5886F52651 /* [CP] Embed Pods Frameworks */ = {
			isa = PBXShellScriptBuildPhase;
			buildActionMask = 2147483647;
			files = (
			);
			inputFileListPaths = (
				"${PODS_ROOT}/Target Support Files/Pods-FirstRealm/Pods-FirstRealm-frameworks-${CONFIGURATION}-input-files.xcfilelist",
			);
			name = "[CP] Embed Pods Frameworks";
			outputFileListPaths = (
				"${PODS_ROOT}/Target Support Files/Pods-FirstRealm/Pods-FirstRealm-frameworks-${CONFIGURATION}-output-files.xcfilelist",
			);
			runOnlyForDeploymentPostprocessing = 0;
			shellPath = /bin/sh;
			shellScript = "\"${PODS_ROOT}/Target Support Files/Pods-FirstRealm/Pods-FirstRealm-frameworks.sh\"\n";
			showEnvVarsInLog = 0;
		};
		CA72614B6D1A950E853D4595 /* [CP] Check Pods Manifest.lock */ = {
			isa = PBXShellScriptBuildPhase;
			buildActionMask = 2147483647;
			files = (
			);
			inputFileListPaths = (
			);
			inputPaths = (
				"${PODS_PODFILE_DIR_PATH}/Podfile.lock",
				"${PODS_ROOT}/Manifest.lock",
			);
			name = "[CP] Check Pods Manifest.lock";
			outputFileListPaths = (
			);
			outputPaths = (
				"$(DERIVED_FILE_DIR)/Pods-FirstRealm-checkManifestLockResult.txt",
			);
			runOnlyForDeploymentPostprocessing = 0;
			shellPath = /bin/sh;
			shellScript = "diff \"${PODS_PODFILE_DIR_PATH}/Podfile.lock\" \"${PODS_ROOT}/Manifest.lock\" > /dev/null\nif [ $? != 0 ] ; then\n    # print error to STDERR\n    echo \"error: The sandbox is not in sync with the Podfile.lock. Run 'pod install' or update your CocoaPods installation.\" >&2\n    exit 1\nfi\n# This output is used by Xcode 'outputs' to avoid re-running this script phase.\necho \"SUCCESS\" > \"${SCRIPT_OUTPUT_FILE_0}\"\n";
			showEnvVarsInLog = 0;
		};
/* End PBXShellScriptBuildPhase section */

/* Begin PBXSourcesBuildPhase section */
		3109946B22EFCFDB00D03823 /* Sources */ = {
			isa = PBXSourcesBuildPhase;
			buildActionMask = 2147483647;
			files = (
				3109947522EFCFDB00D03823 /* ViewController.swift in Sources */,
				3109947322EFCFDB00D03823 /* AppDelegate.swift in Sources */,
			);
			runOnlyForDeploymentPostprocessing = 0;
		};
/* End PBXSourcesBuildPhase section */

/* Begin PBXVariantGroup section */
		3109947622EFCFDB00D03823 /* Main.storyboard */ = {
			isa = PBXVariantGroup;
			children = (
				3109947722EFCFDB00D03823 /* Base */,
			);
			name = Main.storyboard;
			sourceTree = "<group>";
		};
		3109947B22EFCFDD00D03823 /* LaunchScreen.storyboard */ = {
			isa = PBXVariantGroup;
			children = (
				3109947C22EFCFDD00D03823 /* Base */,
			);
			name = LaunchScreen.storyboard;
			sourceTree = "<group>";
		};
/* End PBXVariantGroup section */

/* Begin XCBuildConfiguration section */
		3109947F22EFCFDD00D03823 /* Debug */ = {
			isa = XCBuildConfiguration;
			buildSettings = {
				ALWAYS_SEARCH_USER_PATHS = NO;
				CLANG_ANALYZER_NONNULL = YES;
				CLANG_ANALYZER_NUMBER_OBJECT_CONVERSION = YES_AGGRESSIVE;
				CLANG_CXX_LANGUAGE_STANDARD = "gnu++14";
				CLANG_CXX_LIBRARY = "libc++";
				CLANG_ENABLE_MODULES = YES;
				CLANG_ENABLE_OBJC_ARC = YES;
				CLANG_ENABLE_OBJC_WEAK = YES;
				CLANG_WARN_BLOCK_CAPTURE_AUTORELEASING = YES;
				CLANG_WARN_BOOL_CONVERSION = YES;
				CLANG_WARN_COMMA = YES;
				CLANG_WARN_CONSTANT_CONVERSION = YES;
				CLANG_WARN_DEPRECATED_OBJC_IMPLEMENTATIONS = YES;
				CLANG_WARN_DIRECT_OBJC_ISA_USAGE = YES_ERROR;
				CLANG_WARN_DOCUMENTATION_COMMENTS = YES;
				CLANG_WARN_EMPTY_BODY = YES;
				CLANG_WARN_ENUM_CONVERSION = YES;
				CLANG_WARN_INFINITE_RECURSION = YES;
				CLANG_WARN_INT_CONVERSION = YES;
				CLANG_WARN_NON_LITERAL_NULL_CONVERSION = YES;
				CLANG_WARN_OBJC_IMPLICIT_RETAIN_SELF = YES;
				CLANG_WARN_OBJC_LITERAL_CONVERSION = YES;
				CLANG_WARN_OBJC_ROOT_CLASS = YES_ERROR;
				CLANG_WARN_RANGE_LOOP_ANALYSIS = YES;
				CLANG_WARN_STRICT_PROTOTYPES = YES;
				CLANG_WARN_SUSPICIOUS_MOVE = YES;
				CLANG_WARN_UNGUARDED_AVAILABILITY = YES_AGGRESSIVE;
				CLANG_WARN_UNREACHABLE_CODE = YES;
				CLANG_WARN__DUPLICATE_METHOD_MATCH = YES;
				CODE_SIGN_IDENTITY = "iPhone Developer";
				COPY_PHASE_STRIP = NO;
				DEBUG_INFORMATION_FORMAT = dwarf;
				ENABLE_STRICT_OBJC_MSGSEND = YES;
				ENABLE_TESTABILITY = YES;
				GCC_C_LANGUAGE_STANDARD = gnu11;
				GCC_DYNAMIC_NO_PIC = NO;
				GCC_NO_COMMON_BLOCKS = YES;
				GCC_OPTIMIZATION_LEVEL = 0;
				GCC_PREPROCESSOR_DEFINITIONS = (
					"DEBUG=1",
					"$(inherited)",
				);
				GCC_WARN_64_TO_32_BIT_CONVERSION = YES;
				GCC_WARN_ABOUT_RETURN_TYPE = YES_ERROR;
				GCC_WARN_UNDECLARED_SELECTOR = YES;
				GCC_WARN_UNINITIALIZED_AUTOS = YES_AGGRESSIVE;
				GCC_WARN_UNUSED_FUNCTION = YES;
				GCC_WARN_UNUSED_VARIABLE = YES;
				IPHONEOS_DEPLOYMENT_TARGET = 12.2;
				MTL_ENABLE_DEBUG_INFO = INCLUDE_SOURCE;
				MTL_FAST_MATH = YES;
				ONLY_ACTIVE_ARCH = YES;
				SDKROOT = iphoneos;
				SWIFT_ACTIVE_COMPILATION_CONDITIONS = DEBUG;
				SWIFT_OPTIMIZATION_LEVEL = "-Onone";
			};
			name = Debug;
		};
		3109948022EFCFDD00D03823 /* Release */ = {
			isa = XCBuildConfiguration;
			buildSettings = {
				ALWAYS_SEARCH_USER_PATHS = NO;
				CLANG_ANALYZER_NONNULL = YES;
				CLANG_ANALYZER_NUMBER_OBJECT_CONVERSION = YES_AGGRESSIVE;
				CLANG_CXX_LANGUAGE_STANDARD = "gnu++14";
				CLANG_CXX_LIBRARY = "libc++";
				CLANG_ENABLE_MODULES = YES;
				CLANG_ENABLE_OBJC_ARC = YES;
				CLANG_ENABLE_OBJC_WEAK = YES;
				CLANG_WARN_BLOCK_CAPTURE_AUTORELEASING = YES;
				CLANG_WARN_BOOL_CONVERSION = YES;
				CLANG_WARN_COMMA = YES;
				CLANG_WARN_CONSTANT_CONVERSION = YES;
				CLANG_WARN_DEPRECATED_OBJC_IMPLEMENTATIONS = YES;
				CLANG_WARN_DIRECT_OBJC_ISA_USAGE = YES_ERROR;
				CLANG_WARN_DOCUMENTATION_COMMENTS = YES;
				CLANG_WARN_EMPTY_BODY = YES;
				CLANG_WARN_ENUM_CONVERSION = YES;
				CLANG_WARN_INFINITE_RECURSION = YES;
				CLANG_WARN_INT_CONVERSION = YES;
				CLANG_WARN_NON_LITERAL_NULL_CONVERSION = YES;
				CLANG_WARN_OBJC_IMPLICIT_RETAIN_SELF = YES;
				CLANG_WARN_OBJC_LITERAL_CONVERSION = YES;
				CLANG_WARN_OBJC_ROOT_CLASS = YES_ERROR;
				CLANG_WARN_RANGE_LOOP_ANALYSIS = YES;
				CLANG_WARN_STRICT_PROTOTYPES = YES;
				CLANG_WARN_SUSPICIOUS_MOVE = YES;
				CLANG_WARN_UNGUARDED_AVAILABILITY = YES_AGGRESSIVE;
				CLANG_WARN_UNREACHABLE_CODE = YES;
				CLANG_WARN__DUPLICATE_METHOD_MATCH = YES;
				CODE_SIGN_IDENTITY = "iPhone Developer";
				COPY_PHASE_STRIP = NO;
				DEBUG_INFORMATION_FORMAT = "dwarf-with-dsym";
				ENABLE_NS_ASSERTIONS = NO;
				ENABLE_STRICT_OBJC_MSGSEND = YES;
				GCC_C_LANGUAGE_STANDARD = gnu11;
				GCC_NO_COMMON_BLOCKS = YES;
				GCC_WARN_64_TO_32_BIT_CONVERSION = YES;
				GCC_WARN_ABOUT_RETURN_TYPE = YES_ERROR;
				GCC_WARN_UNDECLARED_SELECTOR = YES;
				GCC_WARN_UNINITIALIZED_AUTOS = YES_AGGRESSIVE;
				GCC_WARN_UNUSED_FUNCTION = YES;
				GCC_WARN_UNUSED_VARIABLE = YES;
				IPHONEOS_DEPLOYMENT_TARGET = 12.2;
				MTL_ENABLE_DEBUG_INFO = NO;
				MTL_FAST_MATH = YES;
				SDKROOT = iphoneos;
				SWIFT_COMPILATION_MODE = wholemodule;
				SWIFT_OPTIMIZATION_LEVEL = "-O";
				VALIDATE_PRODUCT = YES;
			};
			name = Release;
		};
		3109948222EFCFDD00D03823 /* Debug */ = {
			isa = XCBuildConfiguration;
			baseConfigurationReference = 44C4D694E790E6D3C922CE22 /* Pods-FirstRealm.debug.xcconfig */;
			buildSettings = {
				ASSETCATALOG_COMPILER_APPICON_NAME = AppIcon;
				CODE_SIGN_STYLE = Automatic;
				DEVELOPMENT_TEAM = 5SH64L9LF8;
				INFOPLIST_FILE = FirstRealm/Info.plist;
				LD_RUNPATH_SEARCH_PATHS = (
					"$(inherited)",
					"@executable_path/Frameworks",
				);
				PRODUCT_BUNDLE_IDENTIFIER = com.example.FirstRealm;
				PRODUCT_NAME = "$(TARGET_NAME)";
				SWIFT_VERSION = 5.0;
				TARGETED_DEVICE_FAMILY = "1,2";
			};
			name = Debug;
		};
		3109948322EFCFDD00D03823 /* Release */ = {
			isa = XCBuildConfiguration;
			baseConfigurationReference = 43BF561AE1631C8E470A3053 /* Pods-FirstRealm.release.xcconfig */;
			buildSettings = {
				ASSETCATALOG_COMPILER_APPICON_NAME = AppIcon;
				CODE_SIGN_STYLE = Automatic;
				DEVELOPMENT_TEAM = 5SH64L9LF8;
				INFOPLIST_FILE = FirstRealm/Info.plist;
				LD_RUNPATH_SEARCH_PATHS = (
					"$(inherited)",
					"@executable_path/Frameworks",
				);
				PRODUCT_BUNDLE_IDENTIFIER = com.example.FirstRealm;
				PRODUCT_NAME = "$(TARGET_NAME)";
				SWIFT_VERSION = 5.0;
				TARGETED_DEVICE_FAMILY = "1,2";
			};
			name = Release;
		};
/* End XCBuildConfiguration section */

/* Begin XCConfigurationList section */
		3109946A22EFCFDB00D03823 /* Build configuration list for PBXProject "FirstRealm" */ = {
			isa = XCConfigurationList;
			buildConfigurations = (
				3109947F22EFCFDD00D03823 /* Debug */,
				3109948022EFCFDD00D03823 /* Release */,
			);
			defaultConfigurationIsVisible = 0;
			defaultConfigurationName = Release;
		};
		3109948122EFCFDD00D03823 /* Build configuration list for PBXNativeTarget "FirstRealm" */ = {
			isa = XCConfigurationList;
			buildConfigurations = (
				3109948222EFCFDD00D03823 /* Debug */,
				3109948322EFCFDD00D03823 /* Release */,
			);
			defaultConfigurationIsVisible = 0;
			defaultConfigurationName = Release;
		};
/* End XCConfigurationList section */
	};
	rootObject = 3109946722EFCFDB00D03823 /* Project object */;
}
